
Microsoft Visual Studio Solution File, Format Version 9.00
# Visual Studio 2005
Project("{8BC9CEB8-8B4A-11D0-8D11-00A0C91BC942}") = "BaseLib", "BaseLib\BaseLib.vcproj", "{B537A94C-DE1A-4273-87CC-2202E65A9E8D}"
EndProject
Project("{8BC9CEB8-8B4A-11D0-8D11-00A0C91BC942}") = "testApp", "testApp\testApp.vcproj", "{FBE112BC-638E-4CF3-8C9D-E66FD2D56C77}"
	ProjectSection(ProjectDependencies) = postProject
		{E970B1D6-7D73-46AF-AA19-88461EEA7CDC} = {E970B1D6-7D73-46AF-AA19-88461EEA7CDC}
		{DE876AB7-B240-49B0-A16D-4B6C76317058} = {DE876AB7-B240-49B0-A16D-4B6C76317058}
		{B537A94C-DE1A-4273-87CC-2202E65A9E8D} = {B537A94C-DE1A-4273-87CC-2202E65A9E8D}
		{FEFFF55D-BDB2-45E7-BAB7-B5B583B3C321} = {FEFFF55D-BDB2-45E7-BAB7-B5B583B3C321}
		{F89DF3B9-D9B9-4C19-9A5B-F4D9FD619313} = {F89DF3B9-D9B9-4C19-9A5B-F4D9FD619313}
		{03D038F9-7AF8-45B8-A8B6-48A3151599AD} = {03D038F9-7AF8-45B8-A8B6-48A3151599AD}
	EndProjectSection
EndProject
Project("{8BC9CEB8-8B4A-11D0-8D11-00A0C91BC942}") = "SystemLib", "SystemLib\SystemLib.vcproj", "{F89DF3B9-D9B9-4C19-9A5B-F4D9FD619313}"
	ProjectSection(ProjectDependencies) = postProject
		{B537A94C-DE1A-4273-87CC-2202E65A9E8D} = {B537A94C-DE1A-4273-87CC-2202E65A9E8D}
	EndProjectSection
EndProject
Project("{8BC9CEB8-8B4A-11D0-8D11-00A0C91BC942}") = "WindowEGLLib", "WindowEGLLib\WindowEGLLib.vcproj", "{FEFFF55D-BDB2-45E7-BAB7-B5B583B3C321}"
	ProjectSection(ProjectDependencies) = postProject
		{B537A94C-DE1A-4273-87CC-2202E65A9E8D} = {B537A94C-DE1A-4273-87CC-2202E65A9E8D}
		{F89DF3B9-D9B9-4C19-9A5B-F4D9FD619313} = {F89DF3B9-D9B9-4C19-9A5B-F4D9FD619313}
	EndProjectSection
EndProject
Project("{8BC9CEB8-8B4A-11D0-8D11-00A0C91BC942}") = "GroupLib", "GroupLib\GroupLib.vcproj", "{03D038F9-7AF8-45B8-A8B6-48A3151599AD}"
	ProjectSection(ProjectDependencies) = postProject
		{B537A94C-DE1A-4273-87CC-2202E65A9E8D} = {B537A94C-DE1A-4273-87CC-2202E65A9E8D}
		{F89DF3B9-D9B9-4C19-9A5B-F4D9FD619313} = {F89DF3B9-D9B9-4C19-9A5B-F4D9FD619313}
	EndProjectSection
EndProject
Project("{8BC9CEB8-8B4A-11D0-8D11-00A0C91BC942}") = "DrawableLib", "DrawableLib\DrawableLib.vcproj", "{E970B1D6-7D73-46AF-AA19-88461EEA7CDC}"
	ProjectSection(ProjectDependencies) = postProject
		{F89DF3B9-D9B9-4C19-9A5B-F4D9FD619313} = {F89DF3B9-D9B9-4C19-9A5B-F4D9FD619313}
		{B537A94C-DE1A-4273-87CC-2202E65A9E8D} = {B537A94C-DE1A-4273-87CC-2202E65A9E8D}
	EndProjectSection
EndProject
Project("{8BC9CEB8-8B4A-11D0-8D11-00A0C91BC942}") = "WindowLib", "WindowLib\WindowLib.vcproj", "{DE876AB7-B240-49B0-A16D-4B6C76317058}"
	ProjectSection(ProjectDependencies) = postProject
		{F89DF3B9-D9B9-4C19-9A5B-F4D9FD619313} = {F89DF3B9-D9B9-4C19-9A5B-F4D9FD619313}
		{B537A94C-DE1A-4273-87CC-2202E65A9E8D} = {B537A94C-DE1A-4273-87CC-2202E65A9E8D}
	EndProjectSection
EndProject
Global
	GlobalSection(SolutionConfigurationPlatforms) = preSolution
		Debug|Mixed Platforms = Debug|Mixed Platforms
		Debug|Pocket PC 2003 (ARMV4) = Debug|Pocket PC 2003 (ARMV4)
		Debug|Windows Mobile 5.0 Pocket PC SDK (ARMV4I) = Debug|Windows Mobile 5.0 Pocket PC SDK (ARMV4I)
		Release|Mixed Platforms = Release|Mixed Platforms
		Release|Pocket PC 2003 (ARMV4) = Release|Pocket PC 2003 (ARMV4)
		Release|Windows Mobile 5.0 Pocket PC SDK (ARMV4I) = Release|Windows Mobile 5.0 Pocket PC SDK (ARMV4I)
	EndGlobalSection
	GlobalSection(ProjectConfigurationPlatforms) = postSolution
		{B537A94C-DE1A-4273-87CC-2202E65A9E8D}.Debug|Mixed Platforms.ActiveCfg = Debug|Windows Mobile 5.0 Pocket PC SDK (ARMV4I)
		{B537A94C-DE1A-4273-87CC-2202E65A9E8D}.Debug|Mixed Platforms.Build.0 = Debug|Windows Mobile 5.0 Pocket PC SDK (ARMV4I)
		{B537A94C-DE1A-4273-87CC-2202E65A9E8D}.Debug|Mixed Platforms.Deploy.0 = Debug|Windows Mobile 5.0 Pocket PC SDK (ARMV4I)
		{B537A94C-DE1A-4273-87CC-2202E65A9E8D}.Debug|Pocket PC 2003 (ARMV4).ActiveCfg = Debug|Windows Mobile 5.0 Pocket PC SDK (ARMV4I)
		{B537A94C-DE1A-4273-87CC-2202E65A9E8D}.Debug|Windows Mobile 5.0 Pocket PC SDK (ARMV4I).ActiveCfg = Debug|Windows Mobile 5.0 Pocket PC SDK (ARMV4I)
		{B537A94C-DE1A-4273-87CC-2202E65A9E8D}.Debug|Windows Mobile 5.0 Pocket PC SDK (ARMV4I).Build.0 = Debug|Windows Mobile 5.0 Pocket PC SDK (ARMV4I)
		{B537A94C-DE1A-4273-87CC-2202E65A9E8D}.Debug|Windows Mobile 5.0 Pocket PC SDK (ARMV4I).Deploy.0 = Debug|Windows Mobile 5.0 Pocket PC SDK (ARMV4I)
		{B537A94C-DE1A-4273-87CC-2202E65A9E8D}.Release|Mixed Platforms.ActiveCfg = Release|Windows Mobile 5.0 Pocket PC SDK (ARMV4I)
		{B537A94C-DE1A-4273-87CC-2202E65A9E8D}.Release|Mixed Platforms.Build.0 = Release|Windows Mobile 5.0 Pocket PC SDK (ARMV4I)
		{B537A94C-DE1A-4273-87CC-2202E65A9E8D}.Release|Mixed Platforms.Deploy.0 = Release|Windows Mobile 5.0 Pocket PC SDK (ARMV4I)
		{B537A94C-DE1A-4273-87CC-2202E65A9E8D}.Release|Pocket PC 2003 (ARMV4).ActiveCfg = Release|Windows Mobile 5.0 Pocket PC SDK (ARMV4I)
		{B537A94C-DE1A-4273-87CC-2202E65A9E8D}.Release|Windows Mobile 5.0 Pocket PC SDK (ARMV4I).ActiveCfg = Release|Windows Mobile 5.0 Pocket PC SDK (ARMV4I)
		{B537A94C-DE1A-4273-87CC-2202E65A9E8D}.Release|Windows Mobile 5.0 Pocket PC SDK (ARMV4I).Build.0 = Release|Windows Mobile 5.0 Pocket PC SDK (ARMV4I)
		{B537A94C-DE1A-4273-87CC-2202E65A9E8D}.Release|Windows Mobile 5.0 Pocket PC SDK (ARMV4I).Deploy.0 = Release|Windows Mobile 5.0 Pocket PC SDK (ARMV4I)
		{FBE112BC-638E-4CF3-8C9D-E66FD2D56C77}.Debug|Mixed Platforms.ActiveCfg = Debug|Windows Mobile 5.0 Pocket PC SDK (ARMV4I)
		{FBE112BC-638E-4CF3-8C9D-E66FD2D56C77}.Debug|Mixed Platforms.Build.0 = Debug|Windows Mobile 5.0 Pocket PC SDK (ARMV4I)
		{FBE112BC-638E-4CF3-8C9D-E66FD2D56C77}.Debug|Mixed Platforms.Deploy.0 = Debug|Windows Mobile 5.0 Pocket PC SDK (ARMV4I)
		{FBE112BC-638E-4CF3-8C9D-E66FD2D56C77}.Debug|Pocket PC 2003 (ARMV4).ActiveCfg = Debug|Windows Mobile 5.0 Pocket PC SDK (ARMV4I)
		{FBE112BC-638E-4CF3-8C9D-E66FD2D56C77}.Debug|Windows Mobile 5.0 Pocket PC SDK (ARMV4I).ActiveCfg = Debug|Windows Mobile 5.0 Pocket PC SDK (ARMV4I)
		{FBE112BC-638E-4CF3-8C9D-E66FD2D56C77}.Debug|Windows Mobile 5.0 Pocket PC SDK (ARMV4I).Build.0 = Debug|Windows Mobile 5.0 Pocket PC SDK (ARMV4I)
		{FBE112BC-638E-4CF3-8C9D-E66FD2D56C77}.Debug|Windows Mobile 5.0 Pocket PC SDK (ARMV4I).Deploy.0 = Debug|Windows Mobile 5.0 Pocket PC SDK (ARMV4I)
		{FBE112BC-638E-4CF3-8C9D-E66FD2D56C77}.Release|Mixed Platforms.ActiveCfg = Release|Windows Mobile 5.0 Pocket PC SDK (ARMV4I)
		{FBE112BC-638E-4CF3-8C9D-E66FD2D56C77}.Release|Mixed Platforms.Build.0 = Release|Windows Mobile 5.0 Pocket PC SDK (ARMV4I)
		{FBE112BC-638E-4CF3-8C9D-E66FD2D56C77}.Release|Mixed Platforms.Deploy.0 = Release|Windows Mobile 5.0 Pocket PC SDK (ARMV4I)
		{FBE112BC-638E-4CF3-8C9D-E66FD2D56C77}.Release|Pocket PC 2003 (ARMV4).ActiveCfg = Release|Windows Mobile 5.0 Pocket PC SDK (ARMV4I)
		{FBE112BC-638E-4CF3-8C9D-E66FD2D56C77}.Release|Windows Mobile 5.0 Pocket PC SDK (ARMV4I).ActiveCfg = Release|Windows Mobile 5.0 Pocket PC SDK (ARMV4I)
		{FBE112BC-638E-4CF3-8C9D-E66FD2D56C77}.Release|Windows Mobile 5.0 Pocket PC SDK (ARMV4I).Build.0 = Release|Windows Mobile 5.0 Pocket PC SDK (ARMV4I)
		{FBE112BC-638E-4CF3-8C9D-E66FD2D56C77}.Release|Windows Mobile 5.0 Pocket PC SDK (ARMV4I).Deploy.0 = Release|Windows Mobile 5.0 Pocket PC SDK (ARMV4I)
		{F89DF3B9-D9B9-4C19-9A5B-F4D9FD619313}.Debug|Mixed Platforms.ActiveCfg = Debug|Windows Mobile 5.0 Pocket PC SDK (ARMV4I)
		{F89DF3B9-D9B9-4C19-9A5B-F4D9FD619313}.Debug|Mixed Platforms.Build.0 = Debug|Windows Mobile 5.0 Pocket PC SDK (ARMV4I)
		{F89DF3B9-D9B9-4C19-9A5B-F4D9FD619313}.Debug|Mixed Platforms.Deploy.0 = Debug|Windows Mobile 5.0 Pocket PC SDK (ARMV4I)
		{F89DF3B9-D9B9-4C19-9A5B-F4D9FD619313}.Debug|Pocket PC 2003 (ARMV4).ActiveCfg = Debug|Windows Mobile 5.0 Pocket PC SDK (ARMV4I)
		{F89DF3B9-D9B9-4C19-9A5B-F4D9FD619313}.Debug|Windows Mobile 5.0 Pocket PC SDK (ARMV4I).ActiveCfg = Debug|Windows Mobile 5.0 Pocket PC SDK (ARMV4I)
		{F89DF3B9-D9B9-4C19-9A5B-F4D9FD619313}.Debug|Windows Mobile 5.0 Pocket PC SDK (ARMV4I).Build.0 = Debug|Windows Mobile 5.0 Pocket PC SDK (ARMV4I)
		{F89DF3B9-D9B9-4C19-9A5B-F4D9FD619313}.Debug|Windows Mobile 5.0 Pocket PC SDK (ARMV4I).Deploy.0 = Debug|Windows Mobile 5.0 Pocket PC SDK (ARMV4I)
		{F89DF3B9-D9B9-4C19-9A5B-F4D9FD619313}.Release|Mixed Platforms.ActiveCfg = Release|Windows Mobile 5.0 Pocket PC SDK (ARMV4I)
		{F89DF3B9-D9B9-4C19-9A5B-F4D9FD619313}.Release|Mixed Platforms.Build.0 = Release|Windows Mobile 5.0 Pocket PC SDK (ARMV4I)
		{F89DF3B9-D9B9-4C19-9A5B-F4D9FD619313}.Release|Mixed Platforms.Deploy.0 = Release|Windows Mobile 5.0 Pocket PC SDK (ARMV4I)
		{F89DF3B9-D9B9-4C19-9A5B-F4D9FD619313}.Release|Pocket PC 2003 (ARMV4).ActiveCfg = Release|Windows Mobile 5.0 Pocket PC SDK (ARMV4I)
		{F89DF3B9-D9B9-4C19-9A5B-F4D9FD619313}.Release|Windows Mobile 5.0 Pocket PC SDK (ARMV4I).ActiveCfg = Release|Windows Mobile 5.0 Pocket PC SDK (ARMV4I)
		{F89DF3B9-D9B9-4C19-9A5B-F4D9FD619313}.Release|Windows Mobile 5.0 Pocket PC SDK (ARMV4I).Build.0 = Release|Windows Mobile 5.0 Pocket PC SDK (ARMV4I)
		{F89DF3B9-D9B9-4C19-9A5B-F4D9FD619313}.Release|Windows Mobile 5.0 Pocket PC SDK (ARMV4I).Deploy.0 = Release|Windows Mobile 5.0 Pocket PC SDK (ARMV4I)
		{FEFFF55D-BDB2-45E7-BAB7-B5B583B3C321}.Debug|Mixed Platforms.ActiveCfg = Debug|Windows Mobile 5.0 Pocket PC SDK (ARMV4I)
		{FEFFF55D-BDB2-45E7-BAB7-B5B583B3C321}.Debug|Mixed Platforms.Build.0 = Debug|Windows Mobile 5.0 Pocket PC SDK (ARMV4I)
		{FEFFF55D-BDB2-45E7-BAB7-B5B583B3C321}.Debug|Mixed Platforms.Deploy.0 = Debug|Windows Mobile 5.0 Pocket PC SDK (ARMV4I)
		{FEFFF55D-BDB2-45E7-BAB7-B5B583B3C321}.Debug|Pocket PC 2003 (ARMV4).ActiveCfg = Debug|Windows Mobile 5.0 Pocket PC SDK (ARMV4I)
		{FEFFF55D-BDB2-45E7-BAB7-B5B583B3C321}.Debug|Windows Mobile 5.0 Pocket PC SDK (ARMV4I).ActiveCfg = Debug|Windows Mobile 5.0 Pocket PC SDK (ARMV4I)
		{FEFFF55D-BDB2-45E7-BAB7-B5B583B3C321}.Debug|Windows Mobile 5.0 Pocket PC SDK (ARMV4I).Build.0 = Debug|Windows Mobile 5.0 Pocket PC SDK (ARMV4I)
		{FEFFF55D-BDB2-45E7-BAB7-B5B583B3C321}.Debug|Windows Mobile 5.0 Pocket PC SDK (ARMV4I).Deploy.0 = Debug|Windows Mobile 5.0 Pocket PC SDK (ARMV4I)
		{FEFFF55D-BDB2-45E7-BAB7-B5B583B3C321}.Release|Mixed Platforms.ActiveCfg = Release|Windows Mobile 5.0 Pocket PC SDK (ARMV4I)
		{FEFFF55D-BDB2-45E7-BAB7-B5B583B3C321}.Release|Mixed Platforms.Build.0 = Release|Windows Mobile 5.0 Pocket PC SDK (ARMV4I)
		{FEFFF55D-BDB2-45E7-BAB7-B5B583B3C321}.Release|Mixed Platforms.Deploy.0 = Release|Windows Mobile 5.0 Pocket PC SDK (ARMV4I)
		{FEFFF55D-BDB2-45E7-BAB7-B5B583B3C321}.Release|Pocket PC 2003 (ARMV4).ActiveCfg = Release|Windows Mobile 5.0 Pocket PC SDK (ARMV4I)
		{FEFFF55D-BDB2-45E7-BAB7-B5B583B3C321}.Release|Windows Mobile 5.0 Pocket PC SDK (ARMV4I).ActiveCfg = Release|Windows Mobile 5.0 Pocket PC SDK (ARMV4I)
		{FEFFF55D-BDB2-45E7-BAB7-B5B583B3C321}.Release|Windows Mobile 5.0 Pocket PC SDK (ARMV4I).Build.0 = Release|Windows Mobile 5.0 Pocket PC SDK (ARMV4I)
		{FEFFF55D-BDB2-45E7-BAB7-B5B583B3C321}.Release|Windows Mobile 5.0 Pocket PC SDK (ARMV4I).Deploy.0 = Release|Windows Mobile 5.0 Pocket PC SDK (ARMV4I)
		{03D038F9-7AF8-45B8-A8B6-48A3151599AD}.Debug|Mixed Platforms.ActiveCfg = Debug|Windows Mobile 5.0 Pocket PC SDK (ARMV4I)
		{03D038F9-7AF8-45B8-A8B6-48A3151599AD}.Debug|Mixed Platforms.Build.0 = Debug|Windows Mobile 5.0 Pocket PC SDK (ARMV4I)
		{03D038F9-7AF8-45B8-A8B6-48A3151599AD}.Debug|Mixed Platforms.Deploy.0 = Debug|Windows Mobile 5.0 Pocket PC SDK (ARMV4I)
		{03D038F9-7AF8-45B8-A8B6-48A3151599AD}.Debug|Pocket PC 2003 (ARMV4).ActiveCfg = Debug|Windows Mobile 5.0 Pocket PC SDK (ARMV4I)
		{03D038F9-7AF8-45B8-A8B6-48A3151599AD}.Debug|Windows Mobile 5.0 Pocket PC SDK (ARMV4I).ActiveCfg = Debug|Windows Mobile 5.0 Pocket PC SDK (ARMV4I)
		{03D038F9-7AF8-45B8-A8B6-48A3151599AD}.Debug|Windows Mobile 5.0 Pocket PC SDK (ARMV4I).Build.0 = Debug|Windows Mobile 5.0 Pocket PC SDK (ARMV4I)
		{03D038F9-7AF8-45B8-A8B6-48A3151599AD}.Debug|Windows Mobile 5.0 Pocket PC SDK (ARMV4I).Deploy.0 = Debug|Windows Mobile 5.0 Pocket PC SDK (ARMV4I)
		{03D038F9-7AF8-45B8-A8B6-48A3151599AD}.Release|Mixed Platforms.ActiveCfg = Release|Windows Mobile 5.0 Pocket PC SDK (ARMV4I)
		{03D038F9-7AF8-45B8-A8B6-48A3151599AD}.Release|Mixed Platforms.Build.0 = Release|Windows Mobile 5.0 Pocket PC SDK (ARMV4I)
		{03D038F9-7AF8-45B8-A8B6-48A3151599AD}.Release|Mixed Platforms.Deploy.0 = Release|Windows Mobile 5.0 Pocket PC SDK (ARMV4I)
		{03D038F9-7AF8-45B8-A8B6-48A3151599AD}.Release|Pocket PC 2003 (ARMV4).ActiveCfg = Release|Windows Mobile 5.0 Pocket PC SDK (ARMV4I)
		{03D038F9-7AF8-45B8-A8B6-48A3151599AD}.Release|Windows Mobile 5.0 Pocket PC SDK (ARMV4I).ActiveCfg = Release|Windows Mobile 5.0 Pocket PC SDK (ARMV4I)
		{03D038F9-7AF8-45B8-A8B6-48A3151599AD}.Release|Windows Mobile 5.0 Pocket PC SDK (ARMV4I).Build.0 = Release|Windows Mobile 5.0 Pocket PC SDK (ARMV4I)
		{03D038F9-7AF8-45B8-A8B6-48A3151599AD}.Release|Windows Mobile 5.0 Pocket PC SDK (ARMV4I).Deploy.0 = Release|Windows Mobile 5.0 Pocket PC SDK (ARMV4I)
		{E970B1D6-7D73-46AF-AA19-88461EEA7CDC}.Debug|Mixed Platforms.ActiveCfg = Debug|Windows Mobile 5.0 Pocket PC SDK (ARMV4I)
		{E970B1D6-7D73-46AF-AA19-88461EEA7CDC}.Debug|Mixed Platforms.Build.0 = Debug|Windows Mobile 5.0 Pocket PC SDK (ARMV4I)
		{E970B1D6-7D73-46AF-AA19-88461EEA7CDC}.Debug|Mixed Platforms.Deploy.0 = Debug|Windows Mobile 5.0 Pocket PC SDK (ARMV4I)
		{E970B1D6-7D73-46AF-AA19-88461EEA7CDC}.Debug|Pocket PC 2003 (ARMV4).ActiveCfg = Debug|Windows Mobile 5.0 Pocket PC SDK (ARMV4I)
		{E970B1D6-7D73-46AF-AA19-88461EEA7CDC}.Debug|Windows Mobile 5.0 Pocket PC SDK (ARMV4I).ActiveCfg = Debug|Windows Mobile 5.0 Pocket PC SDK (ARMV4I)
		{E970B1D6-7D73-46AF-AA19-88461EEA7CDC}.Debug|Windows Mobile 5.0 Pocket PC SDK (ARMV4I).Build.0 = Debug|Windows Mobile 5.0 Pocket PC SDK (ARMV4I)
		{E970B1D6-7D73-46AF-AA19-88461EEA7CDC}.Debug|Windows Mobile 5.0 Pocket PC SDK (ARMV4I).Deploy.0 = Debug|Windows Mobile 5.0 Pocket PC SDK (ARMV4I)
		{E970B1D6-7D73-46AF-AA19-88461EEA7CDC}.Release|Mixed Platforms.ActiveCfg = Release|Windows Mobile 5.0 Pocket PC SDK (ARMV4I)
		{E970B1D6-7D73-46AF-AA19-88461EEA7CDC}.Release|Mixed Platforms.Build.0 = Release|Windows Mobile 5.0 Pocket PC SDK (ARMV4I)
		{E970B1D6-7D73-46AF-AA19-88461EEA7CDC}.Release|Mixed Platforms.Deploy.0 = Release|Windows Mobile 5.0 Pocket PC SDK (ARMV4I)
		{E970B1D6-7D73-46AF-AA19-88461EEA7CDC}.Release|Pocket PC 2003 (ARMV4).ActiveCfg = Release|Windows Mobile 5.0 Pocket PC SDK (ARMV4I)
		{E970B1D6-7D73-46AF-AA19-88461EEA7CDC}.Release|Windows Mobile 5.0 Pocket PC SDK (ARMV4I).ActiveCfg = Release|Windows Mobile 5.0 Pocket PC SDK (ARMV4I)
		{E970B1D6-7D73-46AF-AA19-88461EEA7CDC}.Release|Windows Mobile 5.0 Pocket PC SDK (ARMV4I).Build.0 = Release|Windows Mobile 5.0 Pocket PC SDK (ARMV4I)
		{E970B1D6-7D73-46AF-AA19-88461EEA7CDC}.Release|Windows Mobile 5.0 Pocket PC SDK (ARMV4I).Deploy.0 = Release|Windows Mobile 5.0 Pocket PC SDK (ARMV4I)
		{DE876AB7-B240-49B0-A16D-4B6C76317058}.Debug|Mixed Platforms.ActiveCfg = Debug|Windows Mobile 5.0 Pocket PC SDK (ARMV4I)
		{DE876AB7-B240-49B0-A16D-4B6C76317058}.Debug|Mixed Platforms.Build.0 = Debug|Windows Mobile 5.0 Pocket PC SDK (ARMV4I)
		{DE876AB7-B240-49B0-A16D-4B6C76317058}.Debug|Mixed Platforms.Deploy.0 = Debug|Windows Mobile 5.0 Pocket PC SDK (ARMV4I)
		{DE876AB7-B240-49B0-A16D-4B6C76317058}.Debug|Pocket PC 2003 (ARMV4).ActiveCfg = Debug|Windows Mobile 5.0 Pocket PC SDK (ARMV4I)
		{DE876AB7-B240-49B0-A16D-4B6C76317058}.Debug|Windows Mobile 5.0 Pocket PC SDK (ARMV4I).ActiveCfg = Debug|Windows Mobile 5.0 Pocket PC SDK (ARMV4I)
		{DE876AB7-B240-49B0-A16D-4B6C76317058}.Debug|Windows Mobile 5.0 Pocket PC SDK (ARMV4I).Build.0 = Debug|Windows Mobile 5.0 Pocket PC SDK (ARMV4I)
		{DE876AB7-B240-49B0-A16D-4B6C76317058}.Debug|Windows Mobile 5.0 Pocket PC SDK (ARMV4I).Deploy.0 = Debug|Windows Mobile 5.0 Pocket PC SDK (ARMV4I)
		{DE876AB7-B240-49B0-A16D-4B6C76317058}.Release|Mixed Platforms.ActiveCfg = Release|Windows Mobile 5.0 Pocket PC SDK (ARMV4I)
		{DE876AB7-B240-49B0-A16D-4B6C76317058}.Release|Mixed Platforms.Build.0 = Release|Windows Mobile 5.0 Pocket PC SDK (ARMV4I)
		{DE876AB7-B240-49B0-A16D-4B6C76317058}.Release|Mixed Platforms.Deploy.0 = Release|Windows Mobile 5.0 Pocket PC SDK (ARMV4I)
		{DE876AB7-B240-49B0-A16D-4B6C76317058}.Release|Pocket PC 2003 (ARMV4).ActiveCfg = Release|Windows Mobile 5.0 Pocket PC SDK (ARMV4I)
		{DE876AB7-B240-49B0-A16D-4B6C76317058}.Release|Windows Mobile 5.0 Pocket PC SDK (ARMV4I).ActiveCfg = Release|Windows Mobile 5.0 Pocket PC SDK (ARMV4I)
		{DE876AB7-B240-49B0-A16D-4B6C76317058}.Release|Windows Mobile 5.0 Pocket PC SDK (ARMV4I).Build.0 = Release|Windows Mobile 5.0 Pocket PC SDK (ARMV4I)
		{DE876AB7-B240-49B0-A16D-4B6C76317058}.Release|Windows Mobile 5.0 Pocket PC SDK (ARMV4I).Deploy.0 = Release|Windows Mobile 5.0 Pocket PC SDK (ARMV4I)
	EndGlobalSection
	GlobalSection(SolutionProperties) = preSolution
		HideSolutionNode = FALSE
	EndGlobalSection
EndGlobal
